{
  "nodes": {
    "brew-src": {
      "flake": false,
      "locked": {
        "lastModified": 1718075954,
        "narHash": "sha256-4TeUhv5VLEufP+Z/NkKnUk4NUaf59cMsj6NvsVbE+8w=",
        "owner": "Homebrew",
        "repo": "brew",
        "rev": "3f08c75e7b950d4340dab462f3e7f77e8093fa2b",
        "type": "github"
      },
      "original": {
        "owner": "Homebrew",
        "ref": "4.3.5",
        "repo": "brew",
        "type": "github"
      }
    },
    "cl-nix-lite": {
      "locked": {
        "lastModified": 1717972076,
        "narHash": "sha256-hnZEsDInTcsVSL5LBGDAZegAxVLBus/wiJh+sNM15zU=",
        "owner": "hraban",
        "repo": "cl-nix-lite",
        "rev": "cc920bfb0a6402d3871f470c98d65266126973e4",
        "type": "github"
      },
      "original": {
        "owner": "hraban",
        "repo": "cl-nix-lite",
        "type": "github"
      }
    },
    "flake-compat": {
      "flake": false,
      "locked": {
        "lastModified": 1697816753,
        "narHash": "sha256-40to80AEIyKCQI0xMKCeF5ePoIKTYgjVVCZeu4CnTxM=",
        "owner": "hraban",
        "repo": "flake-compat",
        "rev": "6025bade1336a36014639bc3f67eacc853dab78f",
        "type": "github"
      },
      "original": {
        "owner": "hraban",
        "ref": "fixed-output",
        "repo": "flake-compat",
        "type": "github"
      }
    },
    "flake-compat_2": {
      "flake": false,
      "locked": {
        "lastModified": 1696426674,
        "narHash": "sha256-kvjfFW7WAETZlt09AgDn1MrtKzP7t90Vf7vypd3OL1U=",
        "owner": "edolstra",
        "repo": "flake-compat",
        "rev": "0f9255e01c2351cc7d116c072cb317785dd33b33",
        "type": "github"
      },
      "original": {
        "owner": "edolstra",
        "repo": "flake-compat",
        "type": "github"
      }
    },
    "flake-compat_3": {
      "flake": false,
      "locked": {
        "lastModified": 1696426674,
        "narHash": "sha256-kvjfFW7WAETZlt09AgDn1MrtKzP7t90Vf7vypd3OL1U=",
        "owner": "edolstra",
        "repo": "flake-compat",
        "rev": "0f9255e01c2351cc7d116c072cb317785dd33b33",
        "type": "github"
      },
      "original": {
        "owner": "edolstra",
        "repo": "flake-compat",
        "type": "github"
      }
    },
    "flake-utils": {
      "inputs": {
        "systems": "systems"
      },
      "locked": {
        "lastModified": 1710146030,
        "narHash": "sha256-SZ5L6eA7HJ/nmkzGG7/ISclqe6oZdOZTNoesiInkXPQ=",
        "owner": "numtide",
        "repo": "flake-utils",
        "rev": "b1d9ab70662946ef0850d488da1c9019f3a9752a",
        "type": "github"
      },
      "original": {
        "id": "flake-utils",
        "type": "indirect"
      }
    },
    "flake-utils_2": {
      "inputs": {
        "systems": "systems_2"
      },
      "locked": {
        "lastModified": 1710146030,
        "narHash": "sha256-SZ5L6eA7HJ/nmkzGG7/ISclqe6oZdOZTNoesiInkXPQ=",
        "owner": "numtide",
        "repo": "flake-utils",
        "rev": "b1d9ab70662946ef0850d488da1c9019f3a9752a",
        "type": "github"
      },
      "original": {
        "owner": "numtide",
        "repo": "flake-utils",
        "type": "github"
      }
    },
    "flake-utils_3": {
      "inputs": {
        "systems": "systems_3"
      },
      "locked": {
        "lastModified": 1710146030,
        "narHash": "sha256-SZ5L6eA7HJ/nmkzGG7/ISclqe6oZdOZTNoesiInkXPQ=",
        "owner": "numtide",
        "repo": "flake-utils",
        "rev": "b1d9ab70662946ef0850d488da1c9019f3a9752a",
        "type": "github"
      },
      "original": {
        "owner": "numtide",
        "repo": "flake-utils",
        "type": "github"
      }
    },
    "home-manager": {
      "inputs": {
        "nixpkgs": [
          "nixpkgs"
        ]
      },
      "locked": {
        "lastModified": 1719827415,
        "narHash": "sha256-pvh+1hStXXAZf0sZ1xIJbWGx4u+OGBC1rVx6Wsw0fBw=",
        "owner": "nix-community",
        "repo": "home-manager",
        "rev": "f2e3c19867262dbe84fdfab42467fc8dd83a2005",
        "type": "github"
      },
      "original": {
        "owner": "nix-community",
        "ref": "release-23.11",
        "repo": "home-manager",
        "type": "github"
      }
    },
    "homebrew-cask": {
      "flake": false,
      "locked": {
        "lastModified": 1719938002,
        "narHash": "sha256-Y90b9fnsx3GENuyIjHX76RO3cS8xrS8hRF4ak//TMa4=",
        "owner": "homebrew",
        "repo": "homebrew-cask",
        "rev": "4aa51b2353b5f463f2017a2f7e945b332f0caaa4",
        "type": "github"
      },
      "original": {
        "owner": "homebrew",
        "repo": "homebrew-cask",
        "type": "github"
      }
    },
    "homebrew-core": {
      "flake": false,
      "locked": {
        "lastModified": 1719938700,
        "narHash": "sha256-OU9YdHQXrv8IGgl0b+NdbrJwTk2cTmST+AnPYFQhB1E=",
        "owner": "homebrew",
        "repo": "homebrew-core",
        "rev": "fa0c5d0380657326945f0c02c677cceafb74db25",
        "type": "github"
      },
      "original": {
        "owner": "homebrew",
        "repo": "homebrew-core",
        "type": "github"
      }
    },
    "mac-app-util": {
      "inputs": {
        "cl-nix-lite": "cl-nix-lite",
        "flake-compat": "flake-compat",
        "flake-utils": "flake-utils",
        "nixpkgs": "nixpkgs"
      },
      "locked": {
        "lastModified": 1718893255,
        "narHash": "sha256-NdSDGdz5eU/EcnGn8ECP1V+mn5hyGOZQ4ybv2bWTpuk=",
        "owner": "hraban",
        "repo": "mac-app-util",
        "rev": "1857b26aceaf64c2b6a357eb83cf34139b6365cc",
        "type": "github"
      },
      "original": {
        "owner": "hraban",
        "repo": "mac-app-util",
        "type": "github"
      }
    },
    "nix-darwin": {
      "inputs": {
        "nixpkgs": [
          "nixpkgs-darwin"
        ]
      },
      "locked": {
        "lastModified": 1719845423,
        "narHash": "sha256-ZLHDmWAsHQQKnmfyhYSHJDlt8Wfjv6SQhl2qek42O7A=",
        "owner": "lnl7",
        "repo": "nix-darwin",
        "rev": "ec12b88104d6c117871fad55e931addac4626756",
        "type": "github"
      },
      "original": {
        "owner": "lnl7",
        "repo": "nix-darwin",
        "type": "github"
      }
    },
    "nix-homebrew": {
      "inputs": {
        "brew-src": "brew-src",
        "flake-utils": "flake-utils_2",
        "nix-darwin": [
          "nix-darwin"
        ],
        "nixpkgs": [
          "nixpkgs-darwin"
        ]
      },
      "locked": {
        "lastModified": 1719720211,
        "narHash": "sha256-FNK5ZxmNC+V/wOuioc5HqkUy0ld4eW3NqcsZHLYg9HI=",
        "owner": "zhaofengli-wip",
        "repo": "nix-homebrew",
        "rev": "0afc51fd86693c73e4b60be8ed8c782c4c09b4cc",
        "type": "github"
      },
      "original": {
        "owner": "zhaofengli-wip",
        "repo": "nix-homebrew",
        "type": "github"
      }
    },
    "nixos-hardware": {
      "locked": {
        "lastModified": 1719895800,
        "narHash": "sha256-xNbjISJTFailxass4LmdWeV4jNhAlmJPwj46a/GxE6M=",
        "owner": "NixOS",
        "repo": "nixos-hardware",
        "rev": "6e253f12b1009053eff5344be5e835f604bb64cd",
        "type": "github"
      },
      "original": {
        "owner": "NixOS",
        "repo": "nixos-hardware",
        "type": "github"
      }
    },
    "nixpkgs": {
      "locked": {
        "lastModified": 1717868076,
        "narHash": "sha256-c83Y9t815Wa34khrux81j8K8ET94ESmCuwORSKm2bQY=",
        "owner": "NixOS",
        "repo": "nixpkgs",
        "rev": "cd18e2ae9ab8e2a0a8d715b60c91b54c0ac35ff9",
        "type": "github"
      },
      "original": {
        "owner": "NixOS",
        "repo": "nixpkgs",
        "rev": "cd18e2ae9ab8e2a0a8d715b60c91b54c0ac35ff9",
        "type": "github"
      }
    },
    "nixpkgs-darwin": {
      "locked": {
        "lastModified": 1719837636,
        "narHash": "sha256-sTya/Vhqtdi7Kxx/eVldJRGTPKcyGgFG3ZugOqcbmiE=",
        "owner": "NixOS",
        "repo": "nixpkgs",
        "rev": "28f8f3531ebdbea069995c20bd946a295699f275",
        "type": "github"
      },
      "original": {
        "owner": "NixOS",
        "ref": "nixpkgs-23.11-darwin",
        "repo": "nixpkgs",
        "type": "github"
      }
    },
    "nixpkgs-stable": {
      "locked": {
        "lastModified": 1719663039,
        "narHash": "sha256-tXlrgAQygNIy49LDVFuPXlWD2zTQV9/F8pfoqwwPJyo=",
        "owner": "NixOS",
        "repo": "nixpkgs",
        "rev": "4a1e673523344f6ccc84b37f4413ad74ea19a119",
        "type": "github"
      },
      "original": {
        "owner": "NixOS",
        "ref": "release-23.11",
        "repo": "nixpkgs",
        "type": "github"
      }
    },
    "nixpkgs-unstable": {
      "locked": {
        "lastModified": 1719826879,
        "narHash": "sha256-xs7PlULe8O1SAcs/9e/HOjeUjBrU5FNtkAF/bSEcFto=",
        "owner": "NixOS",
        "repo": "nixpkgs",
        "rev": "b9014df496d5b68bf7c0145d0e9b0f529ce4f2a8",
        "type": "github"
      },
      "original": {
        "owner": "NixOS",
        "ref": "nixpkgs-unstable",
        "repo": "nixpkgs",
        "type": "github"
      }
    },
    "nixpkgs_2": {
      "locked": {
        "lastModified": 1719837636,
        "narHash": "sha256-sTya/Vhqtdi7Kxx/eVldJRGTPKcyGgFG3ZugOqcbmiE=",
        "owner": "NixOS",
        "repo": "nixpkgs",
        "rev": "28f8f3531ebdbea069995c20bd946a295699f275",
        "type": "github"
      },
      "original": {
        "owner": "NixOS",
        "ref": "nixos-23.11",
        "repo": "nixpkgs",
        "type": "github"
      }
    },
    "nixpkgs_3": {
      "locked": {
        "lastModified": 1719690277,
        "narHash": "sha256-0xSej1g7eP2kaUF+JQp8jdyNmpmCJKRpO12mKl/36Kc=",
        "owner": "NixOS",
        "repo": "nixpkgs",
        "rev": "2741b4b489b55df32afac57bc4bfd220e8bf617e",
        "type": "github"
      },
      "original": {
        "owner": "NixOS",
        "ref": "nixos-unstable",
        "repo": "nixpkgs",
        "type": "github"
      }
    },
    "plasma-manager": {
      "inputs": {
        "home-manager": [
          "home-manager"
        ],
        "nixpkgs": [
          "nixpkgs"
        ]
      },
      "locked": {
        "lastModified": 1719875930,
        "narHash": "sha256-jQmdWLxRP6BzOxRF8hQEhDD7UKw7UrnYbmaAPOSaXWY=",
        "owner": "pjones",
        "repo": "plasma-manager",
        "rev": "7e062fcd669e261fb06cf54fe0ef2e46c3db8e83",
        "type": "github"
      },
      "original": {
        "owner": "pjones",
        "repo": "plasma-manager",
        "type": "github"
      }
    },
    "root": {
      "inputs": {
        "home-manager": "home-manager",
        "homebrew-cask": "homebrew-cask",
        "homebrew-core": "homebrew-core",
        "mac-app-util": "mac-app-util",
        "nix-darwin": "nix-darwin",
        "nix-homebrew": "nix-homebrew",
        "nixos-hardware": "nixos-hardware",
        "nixpkgs": "nixpkgs_2",
        "nixpkgs-darwin": "nixpkgs-darwin",
        "nixpkgs-unstable": "nixpkgs-unstable",
        "plasma-manager": "plasma-manager",
        "sops-nix": "sops-nix",
        "spicetify-nix": "spicetify-nix",
        "vscode-extensions": "vscode-extensions"
      }
    },
    "sops-nix": {
      "inputs": {
        "nixpkgs": [
          "nixpkgs"
        ],
        "nixpkgs-stable": "nixpkgs-stable"
      },
      "locked": {
        "lastModified": 1719873517,
        "narHash": "sha256-D1dxZmXf6M2h5lNE1m6orojuUawVPjogbGRsqSBX+1g=",
        "owner": "Mic92",
        "repo": "sops-nix",
        "rev": "a11224af8d824935f363928074b4717ca2e280db",
        "type": "github"
      },
      "original": {
        "owner": "Mic92",
        "repo": "sops-nix",
        "type": "github"
      }
    },
    "spicetify-nix": {
      "inputs": {
        "flake-compat": "flake-compat_2",
        "nixpkgs": "nixpkgs_3"
      },
      "locked": {
        "lastModified": 1719893538,
        "narHash": "sha256-qZOJPi3vPn981JL/5PfGRJ2jqN8vQEhP1qTkP0yuLRQ=",
        "owner": "Gerg-L",
        "repo": "spicetify-nix",
        "rev": "c1ba6cdc07252e6d2f58dfcf80c5e8acddc3af6e",
        "type": "github"
      },
      "original": {
        "owner": "Gerg-L",
        "repo": "spicetify-nix",
        "type": "github"
      }
    },
    "systems": {
      "locked": {
        "lastModified": 1681028828,
        "narHash": "sha256-Vy1rq5AaRuLzOxct8nz4T6wlgyUR7zLU309k9mBC768=",
        "owner": "nix-systems",
        "repo": "default",
        "rev": "da67096a3b9bf56a91d16901293e51ba5b49a27e",
        "type": "github"
      },
      "original": {
        "owner": "nix-systems",
        "repo": "default",
        "type": "github"
      }
    },
    "systems_2": {
      "locked": {
        "lastModified": 1681028828,
        "narHash": "sha256-Vy1rq5AaRuLzOxct8nz4T6wlgyUR7zLU309k9mBC768=",
        "owner": "nix-systems",
        "repo": "default",
        "rev": "da67096a3b9bf56a91d16901293e51ba5b49a27e",
        "type": "github"
      },
      "original": {
        "owner": "nix-systems",
        "repo": "default",
        "type": "github"
      }
    },
    "systems_3": {
      "locked": {
        "lastModified": 1681028828,
        "narHash": "sha256-Vy1rq5AaRuLzOxct8nz4T6wlgyUR7zLU309k9mBC768=",
        "owner": "nix-systems",
        "repo": "default",
        "rev": "da67096a3b9bf56a91d16901293e51ba5b49a27e",
        "type": "github"
      },
      "original": {
        "owner": "nix-systems",
        "repo": "default",
        "type": "github"
      }
    },
    "vscode-extensions": {
      "inputs": {
        "flake-compat": "flake-compat_3",
        "flake-utils": "flake-utils_3",
        "nixpkgs": [
          "nixpkgs"
        ]
      },
      "locked": {
        "lastModified": 1719883589,
        "narHash": "sha256-Xiir5+DZfsVLzI/DmVdCL9rt6RbfNPS0uW0pdymm4wM=",
        "owner": "nix-community",
        "repo": "nix-vscode-extensions",
        "rev": "3be7b0b799d739c3e15f3fd0a909d682c173962f",
        "type": "github"
      },
      "original": {
        "owner": "nix-community",
        "repo": "nix-vscode-extensions",
        "type": "github"
      }
    }
  },
  "root": "root",
  "version": 7
}
