{
  "nodes": {
    "brew-src": {
      "flake": false,
      "locked": {
        "lastModified": 1716195221,
        "narHash": "sha256-u+zjC7efKD3gBD9aKXsUTEhRhBQhYlP+KPFp1QbsgOo=",
        "owner": "Homebrew",
        "repo": "brew",
        "rev": "e0bc557e7b991cb23583679e1cf1c8a92b793aeb",
        "type": "github"
      },
      "original": {
        "owner": "Homebrew",
        "ref": "4.3.1",
        "repo": "brew",
        "type": "github"
      }
    },
    "cl-nix-lite": {
      "locked": {
        "lastModified": 1717972076,
        "narHash": "sha256-hnZEsDInTcsVSL5LBGDAZegAxVLBus/wiJh+sNM15zU=",
        "owner": "hraban",
        "repo": "cl-nix-lite",
        "rev": "cc920bfb0a6402d3871f470c98d65266126973e4",
        "type": "github"
      },
      "original": {
        "owner": "hraban",
        "repo": "cl-nix-lite",
        "type": "github"
      }
    },
    "darwin": {
      "inputs": {
        "nixpkgs": [
          "nixpkgs-darwin"
        ]
      },
      "locked": {
        "lastModified": 1719128254,
        "narHash": "sha256-I7jMpq0CAOZA/i70+HDQO/ulLttyQu/K70cSESiMX7A=",
        "owner": "lnl7",
        "repo": "nix-darwin",
        "rev": "50581970f37f06a4719001735828519925ef8310",
        "type": "github"
      },
      "original": {
        "owner": "lnl7",
        "repo": "nix-darwin",
        "type": "github"
      }
    },
    "embedded_shell": {
      "inputs": {
        "nixpkgs": [
          "nixpkgs"
        ]
      },
      "locked": {
        "dir": "shells/embedded",
        "lastModified": 1718729104,
        "narHash": "sha256-2rFqMAQhq5WHEsj+ekTCIyvY/48wiv3ZQn6gadBzSk0=",
        "owner": "peanutbother",
        "repo": "dotfiles",
        "rev": "5a97bfe37c1b5215bb51b7cd6a0b31b31b30f57d",
        "type": "github"
      },
      "original": {
        "dir": "shells/embedded",
        "owner": "peanutbother",
        "repo": "dotfiles",
        "type": "github"
      }
    },
    "flake-compat": {
      "flake": false,
      "locked": {
        "lastModified": 1697816753,
        "narHash": "sha256-40to80AEIyKCQI0xMKCeF5ePoIKTYgjVVCZeu4CnTxM=",
        "owner": "hraban",
        "repo": "flake-compat",
        "rev": "6025bade1336a36014639bc3f67eacc853dab78f",
        "type": "github"
      },
      "original": {
        "owner": "hraban",
        "ref": "fixed-output",
        "repo": "flake-compat",
        "type": "github"
      }
    },
    "flake-compat_2": {
      "flake": false,
      "locked": {
        "lastModified": 1696426674,
        "narHash": "sha256-kvjfFW7WAETZlt09AgDn1MrtKzP7t90Vf7vypd3OL1U=",
        "owner": "edolstra",
        "repo": "flake-compat",
        "rev": "0f9255e01c2351cc7d116c072cb317785dd33b33",
        "type": "github"
      },
      "original": {
        "owner": "edolstra",
        "repo": "flake-compat",
        "type": "github"
      }
    },
    "flake-compat_3": {
      "flake": false,
      "locked": {
        "lastModified": 1696426674,
        "narHash": "sha256-kvjfFW7WAETZlt09AgDn1MrtKzP7t90Vf7vypd3OL1U=",
        "owner": "edolstra",
        "repo": "flake-compat",
        "rev": "0f9255e01c2351cc7d116c072cb317785dd33b33",
        "type": "github"
      },
      "original": {
        "owner": "edolstra",
        "repo": "flake-compat",
        "type": "github"
      }
    },
    "flake-utils": {
      "inputs": {
        "systems": "systems"
      },
      "locked": {
        "lastModified": 1710146030,
        "narHash": "sha256-SZ5L6eA7HJ/nmkzGG7/ISclqe6oZdOZTNoesiInkXPQ=",
        "owner": "numtide",
        "repo": "flake-utils",
        "rev": "b1d9ab70662946ef0850d488da1c9019f3a9752a",
        "type": "github"
      },
      "original": {
        "id": "flake-utils",
        "type": "indirect"
      }
    },
    "flake-utils_2": {
      "inputs": {
        "systems": "systems_2"
      },
      "locked": {
        "lastModified": 1710146030,
        "narHash": "sha256-SZ5L6eA7HJ/nmkzGG7/ISclqe6oZdOZTNoesiInkXPQ=",
        "owner": "numtide",
        "repo": "flake-utils",
        "rev": "b1d9ab70662946ef0850d488da1c9019f3a9752a",
        "type": "github"
      },
      "original": {
        "owner": "numtide",
        "repo": "flake-utils",
        "type": "github"
      }
    },
    "flake-utils_3": {
      "inputs": {
        "systems": "systems_3"
      },
      "locked": {
        "lastModified": 1710146030,
        "narHash": "sha256-SZ5L6eA7HJ/nmkzGG7/ISclqe6oZdOZTNoesiInkXPQ=",
        "owner": "numtide",
        "repo": "flake-utils",
        "rev": "b1d9ab70662946ef0850d488da1c9019f3a9752a",
        "type": "github"
      },
      "original": {
        "owner": "numtide",
        "repo": "flake-utils",
        "type": "github"
      }
    },
    "home-manager": {
      "inputs": {
        "nixpkgs": [
          "nixpkgs"
        ]
      },
      "locked": {
        "lastModified": 1717476296,
        "narHash": "sha256-ScHe38Tr+TxGURC17kby4mIIxOG3aJvZWXzPM79UnEk=",
        "owner": "nix-community",
        "repo": "home-manager",
        "rev": "095ef64aa3b2ab4a4f1bf07f29997e21e3a5576a",
        "type": "github"
      },
      "original": {
        "owner": "nix-community",
        "ref": "release-23.11",
        "repo": "home-manager",
        "type": "github"
      }
    },
    "homebrew-cask": {
      "flake": false,
      "locked": {
        "lastModified": 1719328566,
        "narHash": "sha256-9eGBXEXctnzO5iOOyp+MwjqYn+7NCf73DEecWdHIE6Q=",
        "owner": "homebrew",
        "repo": "homebrew-cask",
        "rev": "e72fe12f61bcbc8514360108c0fe50fa222b5c00",
        "type": "github"
      },
      "original": {
        "owner": "homebrew",
        "repo": "homebrew-cask",
        "type": "github"
      }
    },
    "homebrew-core": {
      "flake": false,
      "locked": {
        "lastModified": 1719326596,
        "narHash": "sha256-sJg8mftmlEd0jWKcl89K6JhFJoeIxFH1dVfAsI1ZBUg=",
        "owner": "homebrew",
        "repo": "homebrew-core",
        "rev": "6f05cd4d0f431969d35557b535b59c245157415b",
        "type": "github"
      },
      "original": {
        "owner": "homebrew",
        "repo": "homebrew-core",
        "type": "github"
      }
    },
    "mac-app-util": {
      "inputs": {
        "cl-nix-lite": "cl-nix-lite",
        "flake-compat": "flake-compat",
        "flake-utils": "flake-utils",
        "nixpkgs": "nixpkgs"
      },
      "locked": {
        "lastModified": 1718893255,
        "narHash": "sha256-NdSDGdz5eU/EcnGn8ECP1V+mn5hyGOZQ4ybv2bWTpuk=",
        "owner": "hraban",
        "repo": "mac-app-util",
        "rev": "1857b26aceaf64c2b6a357eb83cf34139b6365cc",
        "type": "github"
      },
      "original": {
        "owner": "hraban",
        "repo": "mac-app-util",
        "type": "github"
      }
    },
    "mkAlias": {
      "inputs": {
        "nixpkgs": [
          "nixpkgs"
        ]
      },
      "locked": {
        "lastModified": 1678761502,
        "narHash": "sha256-tL3C/b2BPOGQpV287wECDCDWmKwwPvezAAN3qz7N07M=",
        "owner": "reckenrode",
        "repo": "mkAlias",
        "rev": "8a5478cdb646f137ebc53cb9d235f8e5892ea00a",
        "type": "github"
      },
      "original": {
        "owner": "reckenrode",
        "repo": "mkAlias",
        "type": "github"
      }
    },
    "nix-homebrew": {
      "inputs": {
        "brew-src": "brew-src",
        "flake-utils": "flake-utils_2",
        "nix-darwin": [
          "darwin"
        ],
        "nixpkgs": [
          "nixpkgs-darwin"
        ]
      },
      "locked": {
        "lastModified": 1716838497,
        "narHash": "sha256-tkceXNn87z+uC08gvQCl7olSCS782EWdflgq0FkSKiw=",
        "owner": "zhaofengli-wip",
        "repo": "nix-homebrew",
        "rev": "31e9c8105a3ffdc03829c8c195d385500760d309",
        "type": "github"
      },
      "original": {
        "owner": "zhaofengli-wip",
        "repo": "nix-homebrew",
        "type": "github"
      }
    },
    "nix_shell": {
      "inputs": {
        "nixpkgs": [
          "nixpkgs"
        ]
      },
      "locked": {
        "dir": "shells/nix",
        "lastModified": 1718729104,
        "narHash": "sha256-2rFqMAQhq5WHEsj+ekTCIyvY/48wiv3ZQn6gadBzSk0=",
        "owner": "peanutbother",
        "repo": "dotfiles",
        "rev": "5a97bfe37c1b5215bb51b7cd6a0b31b31b30f57d",
        "type": "github"
      },
      "original": {
        "dir": "shells/nix",
        "owner": "peanutbother",
        "repo": "dotfiles",
        "type": "github"
      }
    },
    "nixos-hardware": {
      "locked": {
        "lastModified": 1719322773,
        "narHash": "sha256-BqPxtFwXrpJQDh65NOIHX99pz2rtIMshG9Mt2xnnc5c=",
        "owner": "NixOS",
        "repo": "nixos-hardware",
        "rev": "caabc425565bbd5c8640630b0bf6974961a49242",
        "type": "github"
      },
      "original": {
        "owner": "NixOS",
        "repo": "nixos-hardware",
        "type": "github"
      }
    },
    "nixpkgs": {
      "locked": {
        "lastModified": 1717868076,
        "narHash": "sha256-c83Y9t815Wa34khrux81j8K8ET94ESmCuwORSKm2bQY=",
        "owner": "NixOS",
        "repo": "nixpkgs",
        "rev": "cd18e2ae9ab8e2a0a8d715b60c91b54c0ac35ff9",
        "type": "github"
      },
      "original": {
        "owner": "NixOS",
        "repo": "nixpkgs",
        "rev": "cd18e2ae9ab8e2a0a8d715b60c91b54c0ac35ff9",
        "type": "github"
      }
    },
    "nixpkgs-darwin": {
      "locked": {
        "lastModified": 1719160247,
        "narHash": "sha256-mWvCCJFG7RFMFXyQHdxDX56RKYdzXmQ25sy69uRQ8BI=",
        "owner": "NixOS",
        "repo": "nixpkgs",
        "rev": "74b529ef56db2bc5ac41b40dca2e57e222964e3a",
        "type": "github"
      },
      "original": {
        "owner": "NixOS",
        "ref": "nixpkgs-23.11-darwin",
        "repo": "nixpkgs",
        "type": "github"
      }
    },
    "nixpkgs-stable": {
      "locked": {
        "lastModified": 1719099622,
        "narHash": "sha256-YzJECAxFt+U5LPYf/pCwW/e1iUd2PF21WITHY9B/BAs=",
        "owner": "NixOS",
        "repo": "nixpkgs",
        "rev": "5e8e3b89adbd0be63192f6e645e0a54080004924",
        "type": "github"
      },
      "original": {
        "owner": "NixOS",
        "ref": "release-23.11",
        "repo": "nixpkgs",
        "type": "github"
      }
    },
    "nixpkgs-unstable": {
      "locked": {
        "lastModified": 1719223410,
        "narHash": "sha256-jtIo8xR0Zp4SalIwmD+OdCwHF4l7OU6PD63UUK4ckt4=",
        "owner": "NixOS",
        "repo": "nixpkgs",
        "rev": "efb39c6052f3ce51587cf19733f5f4e5d515aa13",
        "type": "github"
      },
      "original": {
        "owner": "NixOS",
        "ref": "nixpkgs-unstable",
        "repo": "nixpkgs",
        "type": "github"
      }
    },
    "nixpkgs_2": {
      "locked": {
        "lastModified": 1719122173,
        "narHash": "sha256-aEMsNUtqSPwn6l+LIZ/rX++nCgun3E9M3uSZs6Rwb7w=",
        "owner": "NixOS",
        "repo": "nixpkgs",
        "rev": "906320ae02f769d13a646eb3605a9821df0d6ea2",
        "type": "github"
      },
      "original": {
        "owner": "NixOS",
        "ref": "nixos-23.11",
        "repo": "nixpkgs",
        "type": "github"
      }
    },
    "plasma-manager": {
      "inputs": {
        "home-manager": [
          "home-manager"
        ],
        "nixpkgs": [
          "nixpkgs"
        ]
      },
      "locked": {
        "lastModified": 1719302143,
        "narHash": "sha256-PMtSsKvbgfoI5+rb7UBIBfIwQ4Zvjt1iChWwQL+BkGo=",
        "owner": "pjones",
        "repo": "plasma-manager",
        "rev": "a3b881f62eb3aabb97e4fc68041ef34e8029e186",
        "type": "github"
      },
      "original": {
        "owner": "pjones",
        "repo": "plasma-manager",
        "type": "github"
      }
    },
    "root": {
      "inputs": {
        "darwin": "darwin",
        "embedded_shell": "embedded_shell",
        "home-manager": "home-manager",
        "homebrew-cask": "homebrew-cask",
        "homebrew-core": "homebrew-core",
        "mac-app-util": "mac-app-util",
        "mkAlias": "mkAlias",
        "nix-homebrew": "nix-homebrew",
        "nix_shell": "nix_shell",
        "nixos-hardware": "nixos-hardware",
        "nixpkgs": "nixpkgs_2",
        "nixpkgs-darwin": "nixpkgs-darwin",
        "nixpkgs-unstable": "nixpkgs-unstable",
        "plasma-manager": "plasma-manager",
        "rust_shell": "rust_shell",
        "sops-nix": "sops-nix",
        "spicetify-nix": "spicetify-nix",
        "vscode-extensions": "vscode-extensions",
        "web_shell": "web_shell"
      }
    },
    "rust_shell": {
      "inputs": {
        "nixpkgs": [
          "nixpkgs"
        ]
      },
      "locked": {
        "dir": "shells/rust",
        "lastModified": 1718729104,
        "narHash": "sha256-2rFqMAQhq5WHEsj+ekTCIyvY/48wiv3ZQn6gadBzSk0=",
        "owner": "peanutbother",
        "repo": "dotfiles",
        "rev": "5a97bfe37c1b5215bb51b7cd6a0b31b31b30f57d",
        "type": "github"
      },
      "original": {
        "dir": "shells/rust",
        "owner": "peanutbother",
        "repo": "dotfiles",
        "type": "github"
      }
    },
    "sops-nix": {
      "inputs": {
        "nixpkgs": [
          "nixpkgs"
        ],
        "nixpkgs-stable": "nixpkgs-stable"
      },
      "locked": {
        "lastModified": 1719268571,
        "narHash": "sha256-pcUk2Fg5vPXLUEnFI97qaB8hto/IToRfqskFqsjvjb8=",
        "owner": "Mic92",
        "repo": "sops-nix",
        "rev": "c2ea1186c0cbfa4d06d406ae50f3e4b085ddc9b3",
        "type": "github"
      },
      "original": {
        "owner": "Mic92",
        "repo": "sops-nix",
        "type": "github"
      }
    },
    "spicetify-nix": {
      "inputs": {
        "flake-compat": "flake-compat_2",
        "nixpkgs": [
          "nixpkgs-unstable"
        ]
      },
      "locked": {
        "lastModified": 1719288707,
        "narHash": "sha256-t6yu2BlyAwz584HUGhFCd4BbicnGxiDzhP2uFVfo47c=",
        "owner": "Gerg-L",
        "repo": "spicetify-nix",
        "rev": "7bdf07ddbb285c18b08ec037246d611ac7b50ab5",
        "type": "github"
      },
      "original": {
        "owner": "Gerg-L",
        "repo": "spicetify-nix",
        "type": "github"
      }
    },
    "systems": {
      "locked": {
        "lastModified": 1681028828,
        "narHash": "sha256-Vy1rq5AaRuLzOxct8nz4T6wlgyUR7zLU309k9mBC768=",
        "owner": "nix-systems",
        "repo": "default",
        "rev": "da67096a3b9bf56a91d16901293e51ba5b49a27e",
        "type": "github"
      },
      "original": {
        "owner": "nix-systems",
        "repo": "default",
        "type": "github"
      }
    },
    "systems_2": {
      "locked": {
        "lastModified": 1681028828,
        "narHash": "sha256-Vy1rq5AaRuLzOxct8nz4T6wlgyUR7zLU309k9mBC768=",
        "owner": "nix-systems",
        "repo": "default",
        "rev": "da67096a3b9bf56a91d16901293e51ba5b49a27e",
        "type": "github"
      },
      "original": {
        "owner": "nix-systems",
        "repo": "default",
        "type": "github"
      }
    },
    "systems_3": {
      "locked": {
        "lastModified": 1681028828,
        "narHash": "sha256-Vy1rq5AaRuLzOxct8nz4T6wlgyUR7zLU309k9mBC768=",
        "owner": "nix-systems",
        "repo": "default",
        "rev": "da67096a3b9bf56a91d16901293e51ba5b49a27e",
        "type": "github"
      },
      "original": {
        "owner": "nix-systems",
        "repo": "default",
        "type": "github"
      }
    },
    "vscode-extensions": {
      "inputs": {
        "flake-compat": "flake-compat_3",
        "flake-utils": "flake-utils_3",
        "nixpkgs": [
          "nixpkgs"
        ]
      },
      "locked": {
        "lastModified": 1719278716,
        "narHash": "sha256-DGAVKYoyoCJYbNmOHre/PRFsYj0i4EXPDpg2+WHFJaQ=",
        "owner": "nix-community",
        "repo": "nix-vscode-extensions",
        "rev": "0290536ea78f649f2a5a20e6eee2c5b2a5ae6592",
        "type": "github"
      },
      "original": {
        "owner": "nix-community",
        "repo": "nix-vscode-extensions",
        "type": "github"
      }
    },
    "web_shell": {
      "inputs": {
        "nixpkgs": [
          "nixpkgs"
        ]
      },
      "locked": {
        "dir": "shells/web",
        "lastModified": 1718729104,
        "narHash": "sha256-2rFqMAQhq5WHEsj+ekTCIyvY/48wiv3ZQn6gadBzSk0=",
        "owner": "peanutbother",
        "repo": "dotfiles",
        "rev": "5a97bfe37c1b5215bb51b7cd6a0b31b31b30f57d",
        "type": "github"
      },
      "original": {
        "dir": "shells/web",
        "owner": "peanutbother",
        "repo": "dotfiles",
        "type": "github"
      }
    }
  },
  "root": "root",
  "version": 7
}
